
Microsoft Visual Studio Solution File, Format Version 12.00
# Visual Studio Version 16
VisualStudioVersion = 16.0.28922.388
MinimumVisualStudioVersion = 10.0.40219.1
Project("{8BC9CEB8-8B4A-11D0-8D11-00A0C91BC942}") = "modelos_uno", "modelos_uno.vcxproj", "{4D5B2D7F-AB9B-4BEC-8877-908544EC9F2F}"
EndProject
Global
	GlobalSection(SolutionConfigurationPlatforms) = preSolution
		Debug|x64 = Debug|x64
		Release|x64 = Release|x64
	EndGlobalSection
	GlobalSection(ProjectConfigurationPlatforms) = postSolution
		{4D5B2D7F-AB9B-4BEC-8877-908544EC9F2F}.Debug|x64.ActiveCfg = Debug|x64
		{4D5B2D7F-AB9B-4BEC-8877-908544EC9F2F}.Debug|x64.Build.0 = Debug|x64
		{4D5B2D7F-AB9B-4BEC-8877-908544EC9F2F}.Release|x64.ActiveCfg = Release|x64
		{4D5B2D7F-AB9B-4BEC-8877-908544EC9F2F}.Release|x64.Build.0 = Release|x64
	EndGlobalSection
	GlobalSection(SolutionProperties) = preSolution
		HideSolutionNode = FALSE
	EndGlobalSection
	GlobalSection(ExtensibilityGlobals) = postSolution
		SolutionGuid = {BF2A5FED-97D1-47F9-9D4F-BFD0920E0959}
	EndGlobalSection
EndGlobal
